github.com/tinywasm/fmt v0.25.5 h1:2nBU5H1lszhkGIusm7m4S+rGM2rPiIJkhvQqwqN17qo=
github.com/tinywasm/fmt v0.25.5/go.mod h1:2Y4hlsQxqVsZ5z9vQL5XQbEzLQtQOr1Bhp44nPGfydA=
github.com/tinywasm/model v0.1.0 h1:Y33DNQ6ZRzORo5vYplWI/1Swp6TpmXBZCO3pjaosfPU=
github.com/tinywasm/model v0.1.0/go.mod h1:wkYZLW6CWVrlx5TiLEBL71KgDxhjUcFtY3KXZKpkCXA=
